
Microsoft Visual Studio Solution File, Format Version 12.00
# Visual Studio Version 17
VisualStudioVersion = 17.5.2.0
MinimumVisualStudioVersion = 10.0.40219.1
Project("{FAE04EC0-301F-11D3-BF4B-00C04F79EFBC}") = "RoyalVilla", "RoyalVilla\RoyalVilla.csproj", "{0B2B3DF1-3935-89C0-02AA-CA99DD999E16}"
EndProject
Project("{FAE04EC0-301F-11D3-BF4B-00C04F79EFBC}") = "RoyalVilla.Dto", "RoyalVilla.Dto\RoyalVilla.Dto.csproj", "{95D689EB-CEC6-4F8B-81C3-D0E28D4A606B}"
EndProject
Global
	GlobalSection(SolutionConfigurationPlatforms) = preSolution
		Debug|Any CPU = Debug|Any CPU
		Debug|x64 = Debug|x64
		Debug|x86 = Debug|x86
		Release|Any CPU = Release|Any CPU
		Release|x64 = Release|x64
		Release|x86 = Release|x86
	EndGlobalSection
	GlobalSection(ProjectConfigurationPlatforms) = postSolution
		{0B2B3DF1-3935-89C0-02AA-CA99DD999E16}.Debug|Any CPU.ActiveCfg = Debug|Any CPU
		{0B2B3DF1-3935-89C0-02AA-CA99DD999E16}.Debug|Any CPU.Build.0 = Debug|Any CPU
		{0B2B3DF1-3935-89C0-02AA-CA99DD999E16}.Debug|x64.ActiveCfg = Debug|Any CPU
		{0B2B3DF1-3935-89C0-02AA-CA99DD999E16}.Debug|x64.Build.0 = Debug|Any CPU
		{0B2B3DF1-3935-89C0-02AA-CA99DD999E16}.Debug|x86.ActiveCfg = Debug|Any CPU
		{0B2B3DF1-3935-89C0-02AA-CA99DD999E16}.Debug|x86.Build.0 = Debug|Any CPU
		{0B2B3DF1-3935-89C0-02AA-CA99DD999E16}.Release|Any CPU.ActiveCfg = Release|Any CPU
		{0B2B3DF1-3935-89C0-02AA-CA99DD999E16}.Release|Any CPU.Build.0 = Release|Any CPU
		{0B2B3DF1-3935-89C0-02AA-CA99DD999E16}.Release|x64.ActiveCfg = Release|Any CPU
		{0B2B3DF1-3935-89C0-02AA-CA99DD999E16}.Release|x64.Build.0 = Release|Any CPU
		{0B2B3DF1-3935-89C0-02AA-CA99DD999E16}.Release|x86.ActiveCfg = Release|Any CPU
		{0B2B3DF1-3935-89C0-02AA-CA99DD999E16}.Release|x86.Build.0 = Release|Any CPU
		{95D689EB-CEC6-4F8B-81C3-D0E28D4A606B}.Debug|Any CPU.ActiveCfg = Debug|Any CPU
		{95D689EB-CEC6-4F8B-81C3-D0E28D4A606B}.Debug|Any CPU.Build.0 = Debug|Any CPU
		{95D689EB-CEC6-4F8B-81C3-D0E28D4A606B}.Debug|x64.ActiveCfg = Debug|Any CPU
		{95D689EB-CEC6-4F8B-81C3-D0E28D4A606B}.Debug|x64.Build.0 = Debug|Any CPU
		{95D689EB-CEC6-4F8B-81C3-D0E28D4A606B}.Debug|x86.ActiveCfg = Debug|Any CPU
		{95D689EB-CEC6-4F8B-81C3-D0E28D4A606B}.Debug|x86.Build.0 = Debug|Any CPU
		{95D689EB-CEC6-4F8B-81C3-D0E28D4A606B}.Release|Any CPU.ActiveCfg = Release|Any CPU
		{95D689EB-CEC6-4F8B-81C3-D0E28D4A606B}.Release|Any CPU.Build.0 = Release|Any CPU
		{95D689EB-CEC6-4F8B-81C3-D0E28D4A606B}.Release|x64.ActiveCfg = Release|Any CPU
		{95D689EB-CEC6-4F8B-81C3-D0E28D4A606B}.Release|x64.Build.0 = Release|Any CPU
		{95D689EB-CEC6-4F8B-81C3-D0E28D4A606B}.Release|x86.ActiveCfg = Release|Any CPU
		{95D689EB-CEC6-4F8B-81C3-D0E28D4A606B}.Release|x86.Build.0 = Release|Any CPU
	EndGlobalSection
	GlobalSection(SolutionProperties) = preSolution
		HideSolutionNode = FALSE
	EndGlobalSection
	GlobalSection(ExtensibilityGlobals) = postSolution
		SolutionGuid = {0C36187A-C6C7-4B98-9ADC-F4363175EA7C}
	EndGlobalSection
EndGlobal
